// !$*UTF8*$!
{
	archiveVersion = 1;
	classes = {
	};
	objectVersion = 46;
	objects = {

/* Begin PBXAggregateTarget section */
		"Algebraic::AlgebraicPackageTests::ProductTarget" /* AlgebraicPackageTests */ = {
			isa = PBXAggregateTarget;
			buildConfigurationList = OBJ_147 /* Build configuration list for PBXAggregateTarget "AlgebraicPackageTests" */;
			buildPhases = (
			);
			dependencies = (
				OBJ_150 /* PBXTargetDependency */,
			);
			name = AlgebraicPackageTests;
			productName = AlgebraicPackageTests;
		};
/* End PBXAggregateTarget section */

/* Begin PBXBuildFile section */
		AC080A6A2506766700B0EE59 /* OrderingTests.swift in Sources */ = {isa = PBXBuildFile; fileRef = AC080A692506766700B0EE59 /* OrderingTests.swift */; };
		OBJ_100 /* Sequence+Monoid.swift in Sources */ = {isa = PBXBuildFile; fileRef = OBJ_16 /* Sequence+Monoid.swift */; };
		OBJ_101 /* Sequence+Semigroup.swift in Sources */ = {isa = PBXBuildFile; fileRef = OBJ_17 /* Sequence+Semigroup.swift */; };
		OBJ_102 /* id.swift in Sources */ = {isa = PBXBuildFile; fileRef = OBJ_19 /* id.swift */; };
		OBJ_103 /* Bounded.swift in Sources */ = {isa = PBXBuildFile; fileRef = OBJ_21 /* Bounded.swift */; };
		OBJ_104 /* Copointed.swift in Sources */ = {isa = PBXBuildFile; fileRef = OBJ_22 /* Copointed.swift */; };
		OBJ_105 /* LowerBounded.swift in Sources */ = {isa = PBXBuildFile; fileRef = OBJ_23 /* LowerBounded.swift */; };
		OBJ_106 /* Monoid.swift in Sources */ = {isa = PBXBuildFile; fileRef = OBJ_24 /* Monoid.swift */; };
		OBJ_107 /* Monoidal.swift in Sources */ = {isa = PBXBuildFile; fileRef = OBJ_25 /* Monoidal.swift */; };
		OBJ_108 /* Numeric.swift in Sources */ = {isa = PBXBuildFile; fileRef = OBJ_26 /* Numeric.swift */; };
		OBJ_109 /* Pointed.swift in Sources */ = {isa = PBXBuildFile; fileRef = OBJ_27 /* Pointed.swift */; };
		OBJ_110 /* Semigroup.swift in Sources */ = {isa = PBXBuildFile; fileRef = OBJ_28 /* Semigroup.swift */; };
		OBJ_111 /* Semiring.swift in Sources */ = {isa = PBXBuildFile; fileRef = OBJ_29 /* Semiring.swift */; };
		OBJ_112 /* UpperBounded.swift in Sources */ = {isa = PBXBuildFile; fileRef = OBJ_30 /* UpperBounded.swift */; };
		OBJ_113 /* All.swift in Sources */ = {isa = PBXBuildFile; fileRef = OBJ_32 /* All.swift */; };
		OBJ_114 /* Any.swift in Sources */ = {isa = PBXBuildFile; fileRef = OBJ_33 /* Any.swift */; };
		OBJ_115 /* Array+Monoid.swift in Sources */ = {isa = PBXBuildFile; fileRef = OBJ_34 /* Array+Monoid.swift */; };
		OBJ_116 /* Average.swift in Sources */ = {isa = PBXBuildFile; fileRef = OBJ_35 /* Average.swift */; };
		OBJ_117 /* Endo.swift in Sources */ = {isa = PBXBuildFile; fileRef = OBJ_36 /* Endo.swift */; };
		OBJ_118 /* Func.swift in Sources */ = {isa = PBXBuildFile; fileRef = OBJ_37 /* Func.swift */; };
		OBJ_119 /* FuncM.swift in Sources */ = {isa = PBXBuildFile; fileRef = OBJ_38 /* FuncM.swift */; };
		OBJ_120 /* Longest.swift in Sources */ = {isa = PBXBuildFile; fileRef = OBJ_39 /* Longest.swift */; };
		OBJ_121 /* None.swift in Sources */ = {isa = PBXBuildFile; fileRef = OBJ_40 /* None.swift */; };
		OBJ_122 /* Optional+Monoid.swift in Sources */ = {isa = PBXBuildFile; fileRef = OBJ_41 /* Optional+Monoid.swift */; };
		OBJ_123 /* Ordering.swift in Sources */ = {isa = PBXBuildFile; fileRef = OBJ_42 /* Ordering.swift */; };
		OBJ_124 /* PointedCopointed+Functor.swift in Sources */ = {isa = PBXBuildFile; fileRef = OBJ_43 /* PointedCopointed+Functor.swift */; };
		OBJ_125 /* Predicate.swift in Sources */ = {isa = PBXBuildFile; fileRef = OBJ_44 /* Predicate.swift */; };
		OBJ_126 /* Product.swift in Sources */ = {isa = PBXBuildFile; fileRef = OBJ_45 /* Product.swift */; };
		OBJ_127 /* Set+Monoid.swift in Sources */ = {isa = PBXBuildFile; fileRef = OBJ_46 /* Set+Monoid.swift */; };
		OBJ_128 /* Shortest.swift in Sources */ = {isa = PBXBuildFile; fileRef = OBJ_47 /* Shortest.swift */; };
		OBJ_129 /* String+Monoid.swift in Sources */ = {isa = PBXBuildFile; fileRef = OBJ_48 /* String+Monoid.swift */; };
		OBJ_130 /* Sum.swift in Sources */ = {isa = PBXBuildFile; fileRef = OBJ_49 /* Sum.swift */; };
		OBJ_131 /* Earliest.swift in Sources */ = {isa = PBXBuildFile; fileRef = OBJ_51 /* Earliest.swift */; };
		OBJ_132 /* First.swift in Sources */ = {isa = PBXBuildFile; fileRef = OBJ_52 /* First.swift */; };
		OBJ_133 /* Last.swift in Sources */ = {isa = PBXBuildFile; fileRef = OBJ_53 /* Last.swift */; };
		OBJ_134 /* Latest.swift in Sources */ = {isa = PBXBuildFile; fileRef = OBJ_54 /* Latest.swift */; };
		OBJ_135 /* Max.swift in Sources */ = {isa = PBXBuildFile; fileRef = OBJ_55 /* Max.swift */; };
		OBJ_136 /* Min.swift in Sources */ = {isa = PBXBuildFile; fileRef = OBJ_56 /* Min.swift */; };
		OBJ_137 /* Composition.swift in Sources */ = {isa = PBXBuildFile; fileRef = OBJ_58 /* Composition.swift */; };
		OBJ_138 /* NaturalTransformation.swift in Sources */ = {isa = PBXBuildFile; fileRef = OBJ_59 /* NaturalTransformation.swift */; };
		OBJ_145 /* Package.swift in Sources */ = {isa = PBXBuildFile; fileRef = OBJ_6 /* Package.swift */; };
		OBJ_156 /* All.swift in Sources */ = {isa = PBXBuildFile; fileRef = OBJ_62 /* All.swift */; };
		OBJ_157 /* Average.swift in Sources */ = {isa = PBXBuildFile; fileRef = OBJ_63 /* Average.swift */; };
		OBJ_158 /* Earliest.swift in Sources */ = {isa = PBXBuildFile; fileRef = OBJ_64 /* Earliest.swift */; };
		OBJ_159 /* Latest.swift in Sources */ = {isa = PBXBuildFile; fileRef = OBJ_65 /* Latest.swift */; };
		OBJ_160 /* Laws.swift in Sources */ = {isa = PBXBuildFile; fileRef = OBJ_66 /* Laws.swift */; };
		OBJ_161 /* Longest.swift in Sources */ = {isa = PBXBuildFile; fileRef = OBJ_67 /* Longest.swift */; };
		OBJ_162 /* Max.swift in Sources */ = {isa = PBXBuildFile; fileRef = OBJ_68 /* Max.swift */; };
		OBJ_163 /* Min.swift in Sources */ = {isa = PBXBuildFile; fileRef = OBJ_69 /* Min.swift */; };
		OBJ_164 /* Monoid+Tests.swift in Sources */ = {isa = PBXBuildFile; fileRef = OBJ_70 /* Monoid+Tests.swift */; };
		OBJ_165 /* NatTransformations.swift in Sources */ = {isa = PBXBuildFile; fileRef = OBJ_71 /* NatTransformations.swift */; };
		OBJ_166 /* Optional.swift in Sources */ = {isa = PBXBuildFile; fileRef = OBJ_72 /* Optional.swift */; };
		OBJ_167 /* Performance.swift in Sources */ = {isa = PBXBuildFile; fileRef = OBJ_73 /* Performance.swift */; };
		OBJ_168 /* PredicateTests.swift in Sources */ = {isa = PBXBuildFile; fileRef = OBJ_74 /* PredicateTests.swift */; };
		OBJ_169 /* ProductTests.swift in Sources */ = {isa = PBXBuildFile; fileRef = OBJ_75 /* ProductTests.swift */; };
		OBJ_170 /* Semigroup+Tests.swift in Sources */ = {isa = PBXBuildFile; fileRef = OBJ_76 /* Semigroup+Tests.swift */; };
		OBJ_171 /* SequenceTests.swift in Sources */ = {isa = PBXBuildFile; fileRef = OBJ_77 /* SequenceTests.swift */; };
		OBJ_172 /* SetTests.swift in Sources */ = {isa = PBXBuildFile; fileRef = OBJ_78 /* SetTests.swift */; };
		OBJ_173 /* Shortest.swift in Sources */ = {isa = PBXBuildFile; fileRef = OBJ_79 /* Shortest.swift */; };
		OBJ_174 /* StringTests.swift in Sources */ = {isa = PBXBuildFile; fileRef = OBJ_80 /* StringTests.swift */; };
		OBJ_175 /* Sum.swift in Sources */ = {isa = PBXBuildFile; fileRef = OBJ_81 /* Sum.swift */; };
		OBJ_177 /* Algebraic.framework in Frameworks */ = {isa = PBXBuildFile; fileRef = "Algebraic::Algebraic::Product" /* Algebraic.framework */; };
		OBJ_94 /* Array+Comparator.swift in Sources */ = {isa = PBXBuildFile; fileRef = OBJ_10 /* Array+Comparator.swift */; };
		OBJ_95 /* Array+Predicate.swift in Sources */ = {isa = PBXBuildFile; fileRef = OBJ_11 /* Array+Predicate.swift */; };
		OBJ_96 /* Array+Reduce.swift in Sources */ = {isa = PBXBuildFile; fileRef = OBJ_12 /* Array+Reduce.swift */; };
		OBJ_97 /* Copointed+Utils.swift in Sources */ = {isa = PBXBuildFile; fileRef = OBJ_13 /* Copointed+Utils.swift */; };
		OBJ_98 /* Optional+Zip.swift in Sources */ = {isa = PBXBuildFile; fileRef = OBJ_14 /* Optional+Zip.swift */; };
		OBJ_99 /* Sequence+FoldMap.swift in Sources */ = {isa = PBXBuildFile; fileRef = OBJ_15 /* Sequence+FoldMap.swift */; };
/* End PBXBuildFile section */

/* Begin PBXContainerItemProxy section */
		AC080A3E2506738600B0EE59 /* PBXContainerItemProxy */ = {
			isa = PBXContainerItemProxy;
			containerPortal = OBJ_1 /* Project object */;
			proxyType = 1;
			remoteGlobalIDString = "Algebraic::Algebraic";
			remoteInfo = Algebraic;
		};
		AC080A3F2506738600B0EE59 /* PBXContainerItemProxy */ = {
			isa = PBXContainerItemProxy;
			containerPortal = OBJ_1 /* Project object */;
			proxyType = 1;
			remoteGlobalIDString = "Algebraic::AlgebraicTests";
			remoteInfo = AlgebraicTests;
		};
/* End PBXContainerItemProxy section */

/* Begin PBXFileReference section */
		AC080A402506742600B0EE59 /* Algebraic-Package.xctestplan */ = {isa = PBXFileReference; lastKnownFileType = text; name = "Algebraic-Package.xctestplan"; path = "Configs/Algebraic-Package.xctestplan"; sourceTree = "<group>"; };
		AC080A692506766700B0EE59 /* OrderingTests.swift */ = {isa = PBXFileReference; lastKnownFileType = sourcecode.swift; path = OrderingTests.swift; sourceTree = "<group>"; };
		"Algebraic::Algebraic::Product" /* Algebraic.framework */ = {isa = PBXFileReference; lastKnownFileType = wrapper.framework; path = Algebraic.framework; sourceTree = BUILT_PRODUCTS_DIR; };
		"Algebraic::AlgebraicTests::Product" /* AlgebraicTests.xctest */ = {isa = PBXFileReference; lastKnownFileType = file; path = AlgebraicTests.xctest; sourceTree = BUILT_PRODUCTS_DIR; };
		OBJ_10 /* Array+Comparator.swift */ = {isa = PBXFileReference; lastKnownFileType = sourcecode.swift; path = "Array+Comparator.swift"; sourceTree = "<group>"; };
		OBJ_11 /* Array+Predicate.swift */ = {isa = PBXFileReference; lastKnownFileType = sourcecode.swift; path = "Array+Predicate.swift"; sourceTree = "<group>"; };
		OBJ_12 /* Array+Reduce.swift */ = {isa = PBXFileReference; lastKnownFileType = sourcecode.swift; path = "Array+Reduce.swift"; sourceTree = "<group>"; };
		OBJ_13 /* Copointed+Utils.swift */ = {isa = PBXFileReference; lastKnownFileType = sourcecode.swift; path = "Copointed+Utils.swift"; sourceTree = "<group>"; };
		OBJ_14 /* Optional+Zip.swift */ = {isa = PBXFileReference; lastKnownFileType = sourcecode.swift; path = "Optional+Zip.swift"; sourceTree = "<group>"; };
		OBJ_15 /* Sequence+FoldMap.swift */ = {isa = PBXFileReference; lastKnownFileType = sourcecode.swift; path = "Sequence+FoldMap.swift"; sourceTree = "<group>"; };
		OBJ_16 /* Sequence+Monoid.swift */ = {isa = PBXFileReference; lastKnownFileType = sourcecode.swift; path = "Sequence+Monoid.swift"; sourceTree = "<group>"; };
		OBJ_17 /* Sequence+Semigroup.swift */ = {isa = PBXFileReference; lastKnownFileType = sourcecode.swift; path = "Sequence+Semigroup.swift"; sourceTree = "<group>"; };
		OBJ_19 /* id.swift */ = {isa = PBXFileReference; lastKnownFileType = sourcecode.swift; path = id.swift; sourceTree = "<group>"; };
		OBJ_21 /* Bounded.swift */ = {isa = PBXFileReference; lastKnownFileType = sourcecode.swift; path = Bounded.swift; sourceTree = "<group>"; };
		OBJ_22 /* Copointed.swift */ = {isa = PBXFileReference; lastKnownFileType = sourcecode.swift; path = Copointed.swift; sourceTree = "<group>"; };
		OBJ_23 /* LowerBounded.swift */ = {isa = PBXFileReference; lastKnownFileType = sourcecode.swift; path = LowerBounded.swift; sourceTree = "<group>"; };
		OBJ_24 /* Monoid.swift */ = {isa = PBXFileReference; lastKnownFileType = sourcecode.swift; path = Monoid.swift; sourceTree = "<group>"; };
		OBJ_25 /* Monoidal.swift */ = {isa = PBXFileReference; lastKnownFileType = sourcecode.swift; path = Monoidal.swift; sourceTree = "<group>"; };
		OBJ_26 /* Numeric.swift */ = {isa = PBXFileReference; lastKnownFileType = sourcecode.swift; path = Numeric.swift; sourceTree = "<group>"; };
		OBJ_27 /* Pointed.swift */ = {isa = PBXFileReference; lastKnownFileType = sourcecode.swift; path = Pointed.swift; sourceTree = "<group>"; };
		OBJ_28 /* Semigroup.swift */ = {isa = PBXFileReference; lastKnownFileType = sourcecode.swift; path = Semigroup.swift; sourceTree = "<group>"; };
		OBJ_29 /* Semiring.swift */ = {isa = PBXFileReference; lastKnownFileType = sourcecode.swift; path = Semiring.swift; sourceTree = "<group>"; };
		OBJ_30 /* UpperBounded.swift */ = {isa = PBXFileReference; lastKnownFileType = sourcecode.swift; path = UpperBounded.swift; sourceTree = "<group>"; };
		OBJ_32 /* All.swift */ = {isa = PBXFileReference; lastKnownFileType = sourcecode.swift; path = All.swift; sourceTree = "<group>"; };
		OBJ_33 /* Any.swift */ = {isa = PBXFileReference; lastKnownFileType = sourcecode.swift; path = Any.swift; sourceTree = "<group>"; };
		OBJ_34 /* Array+Monoid.swift */ = {isa = PBXFileReference; lastKnownFileType = sourcecode.swift; path = "Array+Monoid.swift"; sourceTree = "<group>"; };
		OBJ_35 /* Average.swift */ = {isa = PBXFileReference; lastKnownFileType = sourcecode.swift; path = Average.swift; sourceTree = "<group>"; };
		OBJ_36 /* Endo.swift */ = {isa = PBXFileReference; lastKnownFileType = sourcecode.swift; path = Endo.swift; sourceTree = "<group>"; };
		OBJ_37 /* Func.swift */ = {isa = PBXFileReference; lastKnownFileType = sourcecode.swift; path = Func.swift; sourceTree = "<group>"; };
		OBJ_38 /* FuncM.swift */ = {isa = PBXFileReference; lastKnownFileType = sourcecode.swift; path = FuncM.swift; sourceTree = "<group>"; };
		OBJ_39 /* Longest.swift */ = {isa = PBXFileReference; lastKnownFileType = sourcecode.swift; path = Longest.swift; sourceTree = "<group>"; };
		OBJ_40 /* None.swift */ = {isa = PBXFileReference; lastKnownFileType = sourcecode.swift; path = None.swift; sourceTree = "<group>"; };
		OBJ_41 /* Optional+Monoid.swift */ = {isa = PBXFileReference; lastKnownFileType = sourcecode.swift; path = "Optional+Monoid.swift"; sourceTree = "<group>"; };
		OBJ_42 /* Ordering.swift */ = {isa = PBXFileReference; lastKnownFileType = sourcecode.swift; path = Ordering.swift; sourceTree = "<group>"; };
		OBJ_43 /* PointedCopointed+Functor.swift */ = {isa = PBXFileReference; lastKnownFileType = sourcecode.swift; path = "PointedCopointed+Functor.swift"; sourceTree = "<group>"; };
		OBJ_44 /* Predicate.swift */ = {isa = PBXFileReference; lastKnownFileType = sourcecode.swift; path = Predicate.swift; sourceTree = "<group>"; };
		OBJ_45 /* Product.swift */ = {isa = PBXFileReference; lastKnownFileType = sourcecode.swift; path = Product.swift; sourceTree = "<group>"; };
		OBJ_46 /* Set+Monoid.swift */ = {isa = PBXFileReference; lastKnownFileType = sourcecode.swift; path = "Set+Monoid.swift"; sourceTree = "<group>"; };
		OBJ_47 /* Shortest.swift */ = {isa = PBXFileReference; lastKnownFileType = sourcecode.swift; path = Shortest.swift; sourceTree = "<group>"; };
		OBJ_48 /* String+Monoid.swift */ = {isa = PBXFileReference; lastKnownFileType = sourcecode.swift; path = "String+Monoid.swift"; sourceTree = "<group>"; };
		OBJ_49 /* Sum.swift */ = {isa = PBXFileReference; lastKnownFileType = sourcecode.swift; path = Sum.swift; sourceTree = "<group>"; };
		OBJ_51 /* Earliest.swift */ = {isa = PBXFileReference; lastKnownFileType = sourcecode.swift; path = Earliest.swift; sourceTree = "<group>"; };
		OBJ_52 /* First.swift */ = {isa = PBXFileReference; lastKnownFileType = sourcecode.swift; path = First.swift; sourceTree = "<group>"; };
		OBJ_53 /* Last.swift */ = {isa = PBXFileReference; lastKnownFileType = sourcecode.swift; path = Last.swift; sourceTree = "<group>"; };
		OBJ_54 /* Latest.swift */ = {isa = PBXFileReference; lastKnownFileType = sourcecode.swift; path = Latest.swift; sourceTree = "<group>"; };
		OBJ_55 /* Max.swift */ = {isa = PBXFileReference; lastKnownFileType = sourcecode.swift; path = Max.swift; sourceTree = "<group>"; };
		OBJ_56 /* Min.swift */ = {isa = PBXFileReference; lastKnownFileType = sourcecode.swift; path = Min.swift; sourceTree = "<group>"; };
		OBJ_58 /* Composition.swift */ = {isa = PBXFileReference; lastKnownFileType = sourcecode.swift; path = Composition.swift; sourceTree = "<group>"; };
		OBJ_59 /* NaturalTransformation.swift */ = {isa = PBXFileReference; lastKnownFileType = sourcecode.swift; path = NaturalTransformation.swift; sourceTree = "<group>"; };
		OBJ_6 /* Package.swift */ = {isa = PBXFileReference; explicitFileType = sourcecode.swift; path = Package.swift; sourceTree = "<group>"; };
		OBJ_62 /* All.swift */ = {isa = PBXFileReference; lastKnownFileType = sourcecode.swift; path = All.swift; sourceTree = "<group>"; };
		OBJ_63 /* Average.swift */ = {isa = PBXFileReference; lastKnownFileType = sourcecode.swift; path = Average.swift; sourceTree = "<group>"; };
		OBJ_64 /* Earliest.swift */ = {isa = PBXFileReference; lastKnownFileType = sourcecode.swift; path = Earliest.swift; sourceTree = "<group>"; };
		OBJ_65 /* Latest.swift */ = {isa = PBXFileReference; lastKnownFileType = sourcecode.swift; path = Latest.swift; sourceTree = "<group>"; };
		OBJ_66 /* Laws.swift */ = {isa = PBXFileReference; lastKnownFileType = sourcecode.swift; path = Laws.swift; sourceTree = "<group>"; };
		OBJ_67 /* Longest.swift */ = {isa = PBXFileReference; lastKnownFileType = sourcecode.swift; path = Longest.swift; sourceTree = "<group>"; };
		OBJ_68 /* Max.swift */ = {isa = PBXFileReference; lastKnownFileType = sourcecode.swift; path = Max.swift; sourceTree = "<group>"; };
		OBJ_69 /* Min.swift */ = {isa = PBXFileReference; lastKnownFileType = sourcecode.swift; path = Min.swift; sourceTree = "<group>"; };
		OBJ_70 /* Monoid+Tests.swift */ = {isa = PBXFileReference; lastKnownFileType = sourcecode.swift; path = "Monoid+Tests.swift"; sourceTree = "<group>"; };
		OBJ_71 /* NatTransformations.swift */ = {isa = PBXFileReference; lastKnownFileType = sourcecode.swift; path = NatTransformations.swift; sourceTree = "<group>"; };
		OBJ_72 /* Optional.swift */ = {isa = PBXFileReference; lastKnownFileType = sourcecode.swift; path = Optional.swift; sourceTree = "<group>"; };
		OBJ_73 /* Performance.swift */ = {isa = PBXFileReference; lastKnownFileType = sourcecode.swift; path = Performance.swift; sourceTree = "<group>"; };
		OBJ_74 /* PredicateTests.swift */ = {isa = PBXFileReference; lastKnownFileType = sourcecode.swift; path = PredicateTests.swift; sourceTree = "<group>"; };
		OBJ_75 /* ProductTests.swift */ = {isa = PBXFileReference; lastKnownFileType = sourcecode.swift; path = ProductTests.swift; sourceTree = "<group>"; };
		OBJ_76 /* Semigroup+Tests.swift */ = {isa = PBXFileReference; lastKnownFileType = sourcecode.swift; path = "Semigroup+Tests.swift"; sourceTree = "<group>"; };
		OBJ_77 /* SequenceTests.swift */ = {isa = PBXFileReference; lastKnownFileType = sourcecode.swift; path = SequenceTests.swift; sourceTree = "<group>"; };
		OBJ_78 /* SetTests.swift */ = {isa = PBXFileReference; lastKnownFileType = sourcecode.swift; path = SetTests.swift; sourceTree = "<group>"; };
		OBJ_79 /* Shortest.swift */ = {isa = PBXFileReference; lastKnownFileType = sourcecode.swift; path = Shortest.swift; sourceTree = "<group>"; };
		OBJ_80 /* StringTests.swift */ = {isa = PBXFileReference; lastKnownFileType = sourcecode.swift; path = StringTests.swift; sourceTree = "<group>"; };
		OBJ_81 /* Sum.swift */ = {isa = PBXFileReference; lastKnownFileType = sourcecode.swift; path = Sum.swift; sourceTree = "<group>"; };
		OBJ_85 /* Configs */ = {isa = PBXFileReference; lastKnownFileType = folder; path = Configs; sourceTree = SOURCE_ROOT; };
		OBJ_86 /* Algebraic.podspec */ = {isa = PBXFileReference; lastKnownFileType = text; path = Algebraic.podspec; sourceTree = "<group>"; };
		OBJ_87 /* LICENSE */ = {isa = PBXFileReference; lastKnownFileType = text; path = LICENSE; sourceTree = "<group>"; };
		OBJ_88 /* README.md */ = {isa = PBXFileReference; lastKnownFileType = net.daringfireball.markdown; path = README.md; sourceTree = "<group>"; };
/* End PBXFileReference section */

/* Begin PBXFrameworksBuildPhase section */
		OBJ_139 /* Frameworks */ = {
			isa = PBXFrameworksBuildPhase;
			buildActionMask = 0;
			files = (
			);
			runOnlyForDeploymentPostprocessing = 0;
		};
		OBJ_176 /* Frameworks */ = {
			isa = PBXFrameworksBuildPhase;
			buildActionMask = 0;
			files = (
				OBJ_177 /* Algebraic.framework in Frameworks */,
			);
			runOnlyForDeploymentPostprocessing = 0;
		};
/* End PBXFrameworksBuildPhase section */

/* Begin PBXGroup section */
		OBJ_18 /* Functions */ = {
			isa = PBXGroup;
			children = (
				OBJ_19 /* id.swift */,
			);
			path = Functions;
			sourceTree = "<group>";
		};
		OBJ_20 /* Interfaces */ = {
			isa = PBXGroup;
			children = (
				OBJ_21 /* Bounded.swift */,
				OBJ_22 /* Copointed.swift */,
				OBJ_23 /* LowerBounded.swift */,
				OBJ_24 /* Monoid.swift */,
				OBJ_25 /* Monoidal.swift */,
				OBJ_26 /* Numeric.swift */,
				OBJ_27 /* Pointed.swift */,
				OBJ_28 /* Semigroup.swift */,
				OBJ_29 /* Semiring.swift */,
				OBJ_30 /* UpperBounded.swift */,
			);
			path = Interfaces;
			sourceTree = "<group>";
		};
		OBJ_31 /* Monoids */ = {
			isa = PBXGroup;
			children = (
				OBJ_32 /* All.swift */,
				OBJ_33 /* Any.swift */,
				OBJ_34 /* Array+Monoid.swift */,
				OBJ_35 /* Average.swift */,
				OBJ_36 /* Endo.swift */,
				OBJ_37 /* Func.swift */,
				OBJ_38 /* FuncM.swift */,
				OBJ_39 /* Longest.swift */,
				OBJ_40 /* None.swift */,
				OBJ_41 /* Optional+Monoid.swift */,
				OBJ_42 /* Ordering.swift */,
				OBJ_43 /* PointedCopointed+Functor.swift */,
				OBJ_44 /* Predicate.swift */,
				OBJ_45 /* Product.swift */,
				OBJ_46 /* Set+Monoid.swift */,
				OBJ_47 /* Shortest.swift */,
				OBJ_48 /* String+Monoid.swift */,
				OBJ_49 /* Sum.swift */,
			);
			path = Monoids;
			sourceTree = "<group>";
		};
		OBJ_5 /*  */ = {
			isa = PBXGroup;
			children = (
				AC080A402506742600B0EE59 /* Algebraic-Package.xctestplan */,
				OBJ_6 /* Package.swift */,
				OBJ_7 /* Sources */,
				OBJ_60 /* Tests */,
				OBJ_82 /* Products */,
				OBJ_85 /* Configs */,
				OBJ_86 /* Algebraic.podspec */,
				OBJ_87 /* LICENSE */,
				OBJ_88 /* README.md */,
			);
			name = "";
			sourceTree = "<group>";
		};
		OBJ_50 /* Semigroups */ = {
			isa = PBXGroup;
			children = (
				OBJ_51 /* Earliest.swift */,
				OBJ_52 /* First.swift */,
				OBJ_53 /* Last.swift */,
				OBJ_54 /* Latest.swift */,
				OBJ_55 /* Max.swift */,
				OBJ_56 /* Min.swift */,
			);
			path = Semigroups;
			sourceTree = "<group>";
		};
		OBJ_57 /* Utils */ = {
			isa = PBXGroup;
			children = (
				OBJ_58 /* Composition.swift */,
				OBJ_59 /* NaturalTransformation.swift */,
			);
			path = Utils;
			sourceTree = "<group>";
		};
		OBJ_60 /* Tests */ = {
			isa = PBXGroup;
			children = (
				OBJ_61 /* AlgebraicTests */,
			);
			name = Tests;
			sourceTree = SOURCE_ROOT;
		};
		OBJ_61 /* AlgebraicTests */ = {
			isa = PBXGroup;
			children = (
				OBJ_62 /* All.swift */,
				OBJ_63 /* Average.swift */,
				OBJ_64 /* Earliest.swift */,
				OBJ_65 /* Latest.swift */,
				OBJ_66 /* Laws.swift */,
				OBJ_67 /* Longest.swift */,
				OBJ_68 /* Max.swift */,
				OBJ_69 /* Min.swift */,
				OBJ_70 /* Monoid+Tests.swift */,
				OBJ_71 /* NatTransformations.swift */,
				OBJ_72 /* Optional.swift */,
				OBJ_73 /* Performance.swift */,
				OBJ_74 /* PredicateTests.swift */,
				OBJ_75 /* ProductTests.swift */,
				OBJ_76 /* Semigroup+Tests.swift */,
				OBJ_77 /* SequenceTests.swift */,
				OBJ_78 /* SetTests.swift */,
				OBJ_79 /* Shortest.swift */,
				AC080A692506766700B0EE59 /* OrderingTests.swift */,
				OBJ_80 /* StringTests.swift */,
				OBJ_81 /* Sum.swift */,
			);
			name = AlgebraicTests;
			path = Tests/AlgebraicTests;
			sourceTree = SOURCE_ROOT;
		};
		OBJ_7 /* Sources */ = {
			isa = PBXGroup;
			children = (
				OBJ_8 /* Algebraic */,
			);
			name = Sources;
			sourceTree = SOURCE_ROOT;
		};
		OBJ_8 /* Algebraic */ = {
			isa = PBXGroup;
			children = (
				OBJ_9 /* Extensions */,
				OBJ_18 /* Functions */,
				OBJ_20 /* Interfaces */,
				OBJ_31 /* Monoids */,
				OBJ_50 /* Semigroups */,
				OBJ_57 /* Utils */,
			);
			name = Algebraic;
			path = Sources/Algebraic;
			sourceTree = SOURCE_ROOT;
		};
		OBJ_82 /* Products */ = {
			isa = PBXGroup;
			children = (
				"Algebraic::AlgebraicTests::Product" /* AlgebraicTests.xctest */,
				"Algebraic::Algebraic::Product" /* Algebraic.framework */,
			);
			name = Products;
			sourceTree = BUILT_PRODUCTS_DIR;
		};
		OBJ_9 /* Extensions */ = {
			isa = PBXGroup;
			children = (
				OBJ_10 /* Array+Comparator.swift */,
				OBJ_11 /* Array+Predicate.swift */,
				OBJ_12 /* Array+Reduce.swift */,
				OBJ_13 /* Copointed+Utils.swift */,
				OBJ_14 /* Optional+Zip.swift */,
				OBJ_15 /* Sequence+FoldMap.swift */,
				OBJ_16 /* Sequence+Monoid.swift */,
				OBJ_17 /* Sequence+Semigroup.swift */,
			);
			path = Extensions;
			sourceTree = "<group>";
		};
/* End PBXGroup section */

/* Begin PBXNativeTarget section */
		"Algebraic::Algebraic" /* Algebraic */ = {
			isa = PBXNativeTarget;
			buildConfigurationList = OBJ_90 /* Build configuration list for PBXNativeTarget "Algebraic" */;
			buildPhases = (
				OBJ_93 /* Sources */,
				OBJ_139 /* Frameworks */,
			);
			buildRules = (
			);
			dependencies = (
			);
			name = Algebraic;
			productName = Algebraic;
			productReference = "Algebraic::Algebraic::Product" /* Algebraic.framework */;
			productType = "com.apple.product-type.framework";
		};
		"Algebraic::AlgebraicTests" /* AlgebraicTests */ = {
			isa = PBXNativeTarget;
			buildConfigurationList = OBJ_152 /* Build configuration list for PBXNativeTarget "AlgebraicTests" */;
			buildPhases = (
				OBJ_155 /* Sources */,
				OBJ_176 /* Frameworks */,
			);
			buildRules = (
			);
			dependencies = (
				OBJ_178 /* PBXTargetDependency */,
			);
			name = AlgebraicTests;
			productName = AlgebraicTests;
			productReference = "Algebraic::AlgebraicTests::Product" /* AlgebraicTests.xctest */;
			productType = "com.apple.product-type.bundle.unit-test";
		};
		"Algebraic::SwiftPMPackageDescription" /* AlgebraicPackageDescription */ = {
			isa = PBXNativeTarget;
			buildConfigurationList = OBJ_141 /* Build configuration list for PBXNativeTarget "AlgebraicPackageDescription" */;
			buildPhases = (
				OBJ_144 /* Sources */,
			);
			buildRules = (
			);
			dependencies = (
			);
			name = AlgebraicPackageDescription;
			productName = AlgebraicPackageDescription;
			productType = "com.apple.product-type.framework";
		};
/* End PBXNativeTarget section */

/* Begin PBXProject section */
		OBJ_1 /* Project object */ = {
			isa = PBXProject;
			attributes = {
				LastSwiftMigration = 9999;
				LastUpgradeCheck = 9999;
			};
			buildConfigurationList = OBJ_2 /* Build configuration list for PBXProject "Algebraic" */;
			compatibilityVersion = "Xcode 3.2";
			developmentRegion = en;
			hasScannedForEncodings = 0;
			knownRegions = (
				en,
			);
			mainGroup = OBJ_5 /*  */;
			productRefGroup = OBJ_82 /* Products */;
			projectDirPath = "";
			projectRoot = "";
			targets = (
				"Algebraic::Algebraic" /* Algebraic */,
				"Algebraic::SwiftPMPackageDescription" /* AlgebraicPackageDescription */,
				"Algebraic::AlgebraicPackageTests::ProductTarget" /* AlgebraicPackageTests */,
				"Algebraic::AlgebraicTests" /* AlgebraicTests */,
			);
		};
/* End PBXProject section */

/* Begin PBXSourcesBuildPhase section */
		OBJ_144 /* Sources */ = {
			isa = PBXSourcesBuildPhase;
			buildActionMask = 0;
			files = (
				OBJ_145 /* Package.swift in Sources */,
			);
			runOnlyForDeploymentPostprocessing = 0;
		};
		OBJ_155 /* Sources */ = {
			isa = PBXSourcesBuildPhase;
			buildActionMask = 0;
			files = (
				OBJ_156 /* All.swift in Sources */,
				OBJ_157 /* Average.swift in Sources */,
				AC080A6A2506766700B0EE59 /* OrderingTests.swift in Sources */,
				OBJ_158 /* Earliest.swift in Sources */,
				OBJ_159 /* Latest.swift in Sources */,
				OBJ_160 /* Laws.swift in Sources */,
				OBJ_161 /* Longest.swift in Sources */,
				OBJ_162 /* Max.swift in Sources */,
				OBJ_163 /* Min.swift in Sources */,
				OBJ_164 /* Monoid+Tests.swift in Sources */,
				OBJ_165 /* NatTransformations.swift in Sources */,
				OBJ_166 /* Optional.swift in Sources */,
				OBJ_167 /* Performance.swift in Sources */,
				OBJ_168 /* PredicateTests.swift in Sources */,
				OBJ_169 /* ProductTests.swift in Sources */,
				OBJ_170 /* Semigroup+Tests.swift in Sources */,
				OBJ_171 /* SequenceTests.swift in Sources */,
				OBJ_172 /* SetTests.swift in Sources */,
				OBJ_173 /* Shortest.swift in Sources */,
				OBJ_174 /* StringTests.swift in Sources */,
				OBJ_175 /* Sum.swift in Sources */,
			);
			runOnlyForDeploymentPostprocessing = 0;
		};
		OBJ_93 /* Sources */ = {
			isa = PBXSourcesBuildPhase;
			buildActionMask = 0;
			files = (
				OBJ_94 /* Array+Comparator.swift in Sources */,
				OBJ_95 /* Array+Predicate.swift in Sources */,
				OBJ_96 /* Array+Reduce.swift in Sources */,
				OBJ_97 /* Copointed+Utils.swift in Sources */,
				OBJ_98 /* Optional+Zip.swift in Sources */,
				OBJ_99 /* Sequence+FoldMap.swift in Sources */,
				OBJ_100 /* Sequence+Monoid.swift in Sources */,
				OBJ_101 /* Sequence+Semigroup.swift in Sources */,
				OBJ_102 /* id.swift in Sources */,
				OBJ_103 /* Bounded.swift in Sources */,
				OBJ_104 /* Copointed.swift in Sources */,
				OBJ_105 /* LowerBounded.swift in Sources */,
				OBJ_106 /* Monoid.swift in Sources */,
				OBJ_107 /* Monoidal.swift in Sources */,
				OBJ_108 /* Numeric.swift in Sources */,
				OBJ_109 /* Pointed.swift in Sources */,
				OBJ_110 /* Semigroup.swift in Sources */,
				OBJ_111 /* Semiring.swift in Sources */,
				OBJ_112 /* UpperBounded.swift in Sources */,
				OBJ_113 /* All.swift in Sources */,
				OBJ_114 /* Any.swift in Sources */,
				OBJ_115 /* Array+Monoid.swift in Sources */,
				OBJ_116 /* Average.swift in Sources */,
				OBJ_117 /* Endo.swift in Sources */,
				OBJ_118 /* Func.swift in Sources */,
				OBJ_119 /* FuncM.swift in Sources */,
				OBJ_120 /* Longest.swift in Sources */,
				OBJ_121 /* None.swift in Sources */,
				OBJ_122 /* Optional+Monoid.swift in Sources */,
				OBJ_123 /* Ordering.swift in Sources */,
				OBJ_124 /* PointedCopointed+Functor.swift in Sources */,
				OBJ_125 /* Predicate.swift in Sources */,
				OBJ_126 /* Product.swift in Sources */,
				OBJ_127 /* Set+Monoid.swift in Sources */,
				OBJ_128 /* Shortest.swift in Sources */,
				OBJ_129 /* String+Monoid.swift in Sources */,
				OBJ_130 /* Sum.swift in Sources */,
				OBJ_131 /* Earliest.swift in Sources */,
				OBJ_132 /* First.swift in Sources */,
				OBJ_133 /* Last.swift in Sources */,
				OBJ_134 /* Latest.swift in Sources */,
				OBJ_135 /* Max.swift in Sources */,
				OBJ_136 /* Min.swift in Sources */,
				OBJ_137 /* Composition.swift in Sources */,
				OBJ_138 /* NaturalTransformation.swift in Sources */,
			);
			runOnlyForDeploymentPostprocessing = 0;
		};
/* End PBXSourcesBuildPhase section */

/* Begin PBXTargetDependency section */
		OBJ_150 /* PBXTargetDependency */ = {
			isa = PBXTargetDependency;
			target = "Algebraic::AlgebraicTests" /* AlgebraicTests */;
			targetProxy = AC080A3F2506738600B0EE59 /* PBXContainerItemProxy */;
		};
		OBJ_178 /* PBXTargetDependency */ = {
			isa = PBXTargetDependency;
			target = "Algebraic::Algebraic" /* Algebraic */;
			targetProxy = AC080A3E2506738600B0EE59 /* PBXContainerItemProxy */;
		};
/* End PBXTargetDependency section */

/* Begin XCBuildConfiguration section */
		OBJ_142 /* Debug */ = {
			isa = XCBuildConfiguration;
			buildSettings = {
				LD = /usr/bin/true;
				OTHER_SWIFT_FLAGS = "-swift-version 5 -I $(TOOLCHAIN_DIR)/usr/lib/swift/pm/4_2 -target x86_64-apple-macosx10.10 -sdk /Applications/Xcode.app/Contents/Developer/Platforms/MacOSX.platform/Developer/SDKs/MacOSX10.15.sdk -package-description-version 5.2.0";
				SWIFT_VERSION = 5.0;
			};
			name = Debug;
		};
		OBJ_143 /* Release */ = {
			isa = XCBuildConfiguration;
			buildSettings = {
				LD = /usr/bin/true;
				OTHER_SWIFT_FLAGS = "-swift-version 5 -I $(TOOLCHAIN_DIR)/usr/lib/swift/pm/4_2 -target x86_64-apple-macosx10.10 -sdk /Applications/Xcode.app/Contents/Developer/Platforms/MacOSX.platform/Developer/SDKs/MacOSX10.15.sdk -package-description-version 5.2.0";
				SWIFT_VERSION = 5.0;
			};
			name = Release;
		};
		OBJ_148 /* Debug */ = {
			isa = XCBuildConfiguration;
			buildSettings = {
			};
			name = Debug;
		};
		OBJ_149 /* Release */ = {
			isa = XCBuildConfiguration;
			buildSettings = {
			};
			name = Release;
		};
		OBJ_153 /* Debug */ = {
			isa = XCBuildConfiguration;
			buildSettings = {
				CLANG_ENABLE_MODULES = YES;
				EMBEDDED_CONTENT_CONTAINS_SWIFT = YES;
				FRAMEWORK_SEARCH_PATHS = (
					"$(inherited)",
					"$(PLATFORM_DIR)/Developer/Library/Frameworks",
				);
				HEADER_SEARCH_PATHS = "$(inherited)";
				INFOPLIST_FILE = Algebraic.xcodeproj/AlgebraicTests_Info.plist;
				IPHONEOS_DEPLOYMENT_TARGET = 8.0;
				LD_RUNPATH_SEARCH_PATHS = "$(inherited) @loader_path/../Frameworks @loader_path/Frameworks";
				MACOSX_DEPLOYMENT_TARGET = 10.10;
				OTHER_CFLAGS = "$(inherited)";
				OTHER_LDFLAGS = "$(inherited)";
				OTHER_SWIFT_FLAGS = "$(inherited)";
				SWIFT_ACTIVE_COMPILATION_CONDITIONS = "$(inherited)";
				SWIFT_VERSION = 5.0;
				TARGET_NAME = AlgebraicTests;
				TVOS_DEPLOYMENT_TARGET = 9.0;
				WATCHOS_DEPLOYMENT_TARGET = 2.0;
			};
			name = Debug;
		};
		OBJ_154 /* Release */ = {
			isa = XCBuildConfiguration;
			buildSettings = {
				CLANG_ENABLE_MODULES = YES;
				EMBEDDED_CONTENT_CONTAINS_SWIFT = YES;
				FRAMEWORK_SEARCH_PATHS = (
					"$(inherited)",
					"$(PLATFORM_DIR)/Developer/Library/Frameworks",
				);
				HEADER_SEARCH_PATHS = "$(inherited)";
				INFOPLIST_FILE = Algebraic.xcodeproj/AlgebraicTests_Info.plist;
				IPHONEOS_DEPLOYMENT_TARGET = 8.0;
				LD_RUNPATH_SEARCH_PATHS = "$(inherited) @loader_path/../Frameworks @loader_path/Frameworks";
				MACOSX_DEPLOYMENT_TARGET = 10.10;
				OTHER_CFLAGS = "$(inherited)";
				OTHER_LDFLAGS = "$(inherited)";
				OTHER_SWIFT_FLAGS = "$(inherited)";
				SWIFT_ACTIVE_COMPILATION_CONDITIONS = "$(inherited)";
				SWIFT_VERSION = 5.0;
				TARGET_NAME = AlgebraicTests;
				TVOS_DEPLOYMENT_TARGET = 9.0;
				WATCHOS_DEPLOYMENT_TARGET = 2.0;
			};
			name = Release;
		};
		OBJ_3 /* Debug */ = {
			isa = XCBuildConfiguration;
			buildSettings = {
				CLANG_ENABLE_OBJC_ARC = YES;
				COMBINE_HIDPI_IMAGES = YES;
				COPY_PHASE_STRIP = NO;
				DEBUG_INFORMATION_FORMAT = dwarf;
				DYLIB_INSTALL_NAME_BASE = "@rpath";
				ENABLE_NS_ASSERTIONS = YES;
				GCC_OPTIMIZATION_LEVEL = 0;
				GCC_PREPROCESSOR_DEFINITIONS = (
					"$(inherited)",
					"SWIFT_PACKAGE=1",
					"DEBUG=1",
				);
				MACOSX_DEPLOYMENT_TARGET = 10.10;
				ONLY_ACTIVE_ARCH = YES;
				OTHER_SWIFT_FLAGS = "$(inherited) -DXcode";
				PRODUCT_NAME = "$(TARGET_NAME)";
				SDKROOT = macosx;
				SUPPORTED_PLATFORMS = "macosx iphoneos iphonesimulator appletvos appletvsimulator watchos watchsimulator";
				SWIFT_ACTIVE_COMPILATION_CONDITIONS = "$(inherited) SWIFT_PACKAGE DEBUG";
				SWIFT_OPTIMIZATION_LEVEL = "-Onone";
				USE_HEADERMAP = NO;
			};
			name = Debug;
		};
		OBJ_4 /* Release */ = {
			isa = XCBuildConfiguration;
			buildSettings = {
				CLANG_ENABLE_OBJC_ARC = YES;
				COMBINE_HIDPI_IMAGES = YES;
				COPY_PHASE_STRIP = YES;
				DEBUG_INFORMATION_FORMAT = "dwarf-with-dsym";
				DYLIB_INSTALL_NAME_BASE = "@rpath";
				GCC_OPTIMIZATION_LEVEL = s;
				GCC_PREPROCESSOR_DEFINITIONS = (
					"$(inherited)",
					"SWIFT_PACKAGE=1",
				);
				MACOSX_DEPLOYMENT_TARGET = 10.10;
				OTHER_SWIFT_FLAGS = "$(inherited) -DXcode";
				PRODUCT_NAME = "$(TARGET_NAME)";
				SDKROOT = macosx;
				SUPPORTED_PLATFORMS = "macosx iphoneos iphonesimulator appletvos appletvsimulator watchos watchsimulator";
				SWIFT_ACTIVE_COMPILATION_CONDITIONS = "$(inherited) SWIFT_PACKAGE";
				SWIFT_OPTIMIZATION_LEVEL = "-Owholemodule";
				USE_HEADERMAP = NO;
			};
			name = Release;
		};
		OBJ_91 /* Debug */ = {
			isa = XCBuildConfiguration;
			buildSettings = {
				ENABLE_TESTABILITY = YES;
				FRAMEWORK_SEARCH_PATHS = (
					"$(inherited)",
					"$(PLATFORM_DIR)/Developer/Library/Frameworks",
				);
				HEADER_SEARCH_PATHS = "$(inherited)";
				INFOPLIST_FILE = Algebraic.xcodeproj/Algebraic_Info.plist;
				IPHONEOS_DEPLOYMENT_TARGET = 8.0;
				LD_RUNPATH_SEARCH_PATHS = "$(inherited) $(TOOLCHAIN_DIR)/usr/lib/swift/macosx";
				MACOSX_DEPLOYMENT_TARGET = 10.10;
				OTHER_CFLAGS = "$(inherited)";
				OTHER_LDFLAGS = "$(inherited)";
				OTHER_SWIFT_FLAGS = "$(inherited)";
				PRODUCT_BUNDLE_IDENTIFIER = Algebraic;
				PRODUCT_MODULE_NAME = "$(TARGET_NAME:c99extidentifier)";
				PRODUCT_NAME = "$(TARGET_NAME:c99extidentifier)";
				SKIP_INSTALL = YES;
				SWIFT_ACTIVE_COMPILATION_CONDITIONS = "$(inherited)";
				SWIFT_VERSION = 5.0;
				TARGET_NAME = Algebraic;
				TVOS_DEPLOYMENT_TARGET = 9.0;
				WATCHOS_DEPLOYMENT_TARGET = 2.0;
			};
			name = Debug;
		};
		OBJ_92 /* Release */ = {
			isa = XCBuildConfiguration;
			buildSettings = {
				ENABLE_TESTABILITY = YES;
				FRAMEWORK_SEARCH_PATHS = (
					"$(inherited)",
					"$(PLATFORM_DIR)/Developer/Library/Frameworks",
				);
				HEADER_SEARCH_PATHS = "$(inherited)";
				INFOPLIST_FILE = Algebraic.xcodeproj/Algebraic_Info.plist;
				IPHONEOS_DEPLOYMENT_TARGET = 8.0;
				LD_RUNPATH_SEARCH_PATHS = "$(inherited) $(TOOLCHAIN_DIR)/usr/lib/swift/macosx";
				MACOSX_DEPLOYMENT_TARGET = 10.10;
				OTHER_CFLAGS = "$(inherited)";
				OTHER_LDFLAGS = "$(inherited)";
				OTHER_SWIFT_FLAGS = "$(inherited)";
				PRODUCT_BUNDLE_IDENTIFIER = Algebraic;
				PRODUCT_MODULE_NAME = "$(TARGET_NAME:c99extidentifier)";
				PRODUCT_NAME = "$(TARGET_NAME:c99extidentifier)";
				SKIP_INSTALL = YES;
				SWIFT_ACTIVE_COMPILATION_CONDITIONS = "$(inherited)";
				SWIFT_VERSION = 5.0;
				TARGET_NAME = Algebraic;
				TVOS_DEPLOYMENT_TARGET = 9.0;
				WATCHOS_DEPLOYMENT_TARGET = 2.0;
			};
			name = Release;
		};
/* End XCBuildConfiguration section */

/* Begin XCConfigurationList section */
		OBJ_141 /* Build configuration list for PBXNativeTarget "AlgebraicPackageDescription" */ = {
			isa = XCConfigurationList;
			buildConfigurations = (
				OBJ_142 /* Debug */,
				OBJ_143 /* Release */,
			);
			defaultConfigurationIsVisible = 0;
			defaultConfigurationName = Release;
		};
		OBJ_147 /* Build configuration list for PBXAggregateTarget "AlgebraicPackageTests" */ = {
			isa = XCConfigurationList;
			buildConfigurations = (
				OBJ_148 /* Debug */,
				OBJ_149 /* Release */,
			);
			defaultConfigurationIsVisible = 0;
			defaultConfigurationName = Release;
		};
		OBJ_152 /* Build configuration list for PBXNativeTarget "AlgebraicTests" */ = {
			isa = XCConfigurationList;
			buildConfigurations = (
				OBJ_153 /* Debug */,
				OBJ_154 /* Release */,
			);
			defaultConfigurationIsVisible = 0;
			defaultConfigurationName = Release;
		};
		OBJ_2 /* Build configuration list for PBXProject "Algebraic" */ = {
			isa = XCConfigurationList;
			buildConfigurations = (
				OBJ_3 /* Debug */,
				OBJ_4 /* Release */,
			);
			defaultConfigurationIsVisible = 0;
			defaultConfigurationName = Release;
		};
		OBJ_90 /* Build configuration list for PBXNativeTarget "Algebraic" */ = {
			isa = XCConfigurationList;
			buildConfigurations = (
				OBJ_91 /* Debug */,
				OBJ_92 /* Release */,
			);
			defaultConfigurationIsVisible = 0;
			defaultConfigurationName = Release;
		};
/* End XCConfigurationList section */
	};
	rootObject = OBJ_1 /* Project object */;
}
